// !$*UTF8*$!
{
	archiveVersion = 1;
	classes = {
	};
	objectVersion = 46;
	objects = {

/* Begin PBXBuildFile section */
		F40FCC5C1DCF923E00A65B22 /* recipeInfoCell.m in Sources */ = {isa = PBXBuildFile; fileRef = F40FCC5B1DCF923E00A65B22 /* recipeInfoCell.m */; };
		F41422961DB6F2670010F9A8 /* MainViewController.m in Sources */ = {isa = PBXBuildFile; fileRef = F41422951DB6F2670010F9A8 /* MainViewController.m */; };
		F414229A1DB70DA80010F9A8 /* SignUpViewController.m in Sources */ = {isa = PBXBuildFile; fileRef = F41422991DB70DA80010F9A8 /* SignUpViewController.m */; };
		F41422A31DB7D7410010F9A8 /* CoreImage.framework in Frameworks */ = {isa = PBXBuildFile; fileRef = F41422A21DB7D7410010F9A8 /* CoreImage.framework */; };
		F41422A51DB7D7480010F9A8 /* QuartzCore.framework in Frameworks */ = {isa = PBXBuildFile; fileRef = F41422A41DB7D7480010F9A8 /* QuartzCore.framework */; };
		F4197C941DB8B0A100194D9B /* TabBarController.m in Sources */ = {isa = PBXBuildFile; fileRef = F4197C931DB8B0A100194D9B /* TabBarController.m */; };
		F4197C971DB8B2EB00194D9B /* SearchViewController.m in Sources */ = {isa = PBXBuildFile; fileRef = F4197C961DB8B2EB00194D9B /* SearchViewController.m */; };
		F4197CA21DB8D43800194D9B /* 3.png in Resources */ = {isa = PBXBuildFile; fileRef = F4197C9F1DB8D43800194D9B /* 3.png */; };
		F4197CA31DB8D43800194D9B /* 2.png in Resources */ = {isa = PBXBuildFile; fileRef = F4197CA01DB8D43800194D9B /* 2.png */; };
		F4197CA41DB8D43800194D9B /* 1.png in Resources */ = {isa = PBXBuildFile; fileRef = F4197CA11DB8D43800194D9B /* 1.png */; };
		F4197CA81DB8FBE300194D9B /* CHTCollectionViewWaterfallLayout.m in Sources */ = {isa = PBXBuildFile; fileRef = F4197CA71DB8FBE200194D9B /* CHTCollectionViewWaterfallLayout.m */; };
		F441701A1DEAC0F50048110A /* recipeStepViewController.m in Sources */ = {isa = PBXBuildFile; fileRef = F44170191DEAC0F50048110A /* recipeStepViewController.m */; };
		F4417F521DE096FE00ABB015 /* anotherUserViewController.m in Sources */ = {isa = PBXBuildFile; fileRef = F4417F511DE096FE00ABB015 /* anotherUserViewController.m */; };
		F4730B0A1DDB33F900BB10D5 /* notificationTableViewCell.m in Sources */ = {isa = PBXBuildFile; fileRef = F4730B091DDB33F900BB10D5 /* notificationTableViewCell.m */; };
		F4730B0F1DDB569100BB10D5 /* avatar.jpg in Resources */ = {isa = PBXBuildFile; fileRef = F4730B0E1DDB569100BB10D5 /* avatar.jpg */; };
		F47630071DE9B64C0087EB3E /* recipeIngredientViewController.m in Sources */ = {isa = PBXBuildFile; fileRef = F47630061DE9B64C0087EB3E /* recipeIngredientViewController.m */; };
		F47C69FD1DCBB27500AD951E /* UserViewController.m in Sources */ = {isa = PBXBuildFile; fileRef = F47C69FC1DCBB27500AD951E /* UserViewController.m */; };
		F48067861DDC7B21009BC684 /* UserRecipeCollectionViewCell.m in Sources */ = {isa = PBXBuildFile; fileRef = F48067851DDC7B21009BC684 /* UserRecipeCollectionViewCell.m */; };
		F483B20B1DE0110F00D86DBA /* RecipeContentViewController.m in Sources */ = {isa = PBXBuildFile; fileRef = F483B20A1DE0110F00D86DBA /* RecipeContentViewController.m */; };
		F48445F91DBC8AD2003B09F4 /* mainCell.m in Sources */ = {isa = PBXBuildFile; fileRef = F48445F81DBC8AD2003B09F4 /* mainCell.m */; };
		F494A5C21DB6893E00D173E0 /* main.m in Sources */ = {isa = PBXBuildFile; fileRef = F494A5C11DB6893E00D173E0 /* main.m */; };
		F494A5C51DB6893E00D173E0 /* AppDelegate.m in Sources */ = {isa = PBXBuildFile; fileRef = F494A5C41DB6893E00D173E0 /* AppDelegate.m */; };
		F494A5C81DB6893E00D173E0 /* ViewController.m in Sources */ = {isa = PBXBuildFile; fileRef = F494A5C71DB6893E00D173E0 /* ViewController.m */; };
		F494A5CB1DB6893E00D173E0 /* Main.storyboard in Resources */ = {isa = PBXBuildFile; fileRef = F494A5C91DB6893E00D173E0 /* Main.storyboard */; };
		F494A5CD1DB6893E00D173E0 /* Assets.xcassets in Resources */ = {isa = PBXBuildFile; fileRef = F494A5CC1DB6893E00D173E0 /* Assets.xcassets */; };
		F494A5D01DB6893E00D173E0 /* LaunchScreen.storyboard in Resources */ = {isa = PBXBuildFile; fileRef = F494A5CE1DB6893E00D173E0 /* LaunchScreen.storyboard */; };
		F494A5DB1DB6893E00D173E0 /* YUMMYTests.m in Sources */ = {isa = PBXBuildFile; fileRef = F494A5DA1DB6893E00D173E0 /* YUMMYTests.m */; };
		F494A5E61DB6893E00D173E0 /* YUMMYUITests.m in Sources */ = {isa = PBXBuildFile; fileRef = F494A5E51DB6893E00D173E0 /* YUMMYUITests.m */; };
		F49EDE831DDF091B00412FC4 /* UserWhoFollowViewController.m in Sources */ = {isa = PBXBuildFile; fileRef = F49EDE821DDF091B00412FC4 /* UserWhoFollowViewController.m */; };
		F4A7EE4D1DC5DEBC0064F576 /* CreateViewController.m in Sources */ = {isa = PBXBuildFile; fileRef = F4A7EE4C1DC5DEBC0064F576 /* CreateViewController.m */; };
		F4B7FF991DC6247A003F6960 /* NotificationViewController.m in Sources */ = {isa = PBXBuildFile; fileRef = F4B7FF981DC6247A003F6960 /* NotificationViewController.m */; };
		F4B916A01DD5CBA60024C110 /* cateCell.m in Sources */ = {isa = PBXBuildFile; fileRef = F4B9169F1DD5CBA60024C110 /* cateCell.m */; };
		F4B916A31DD5CCCD0024C110 /* stepCell.m in Sources */ = {isa = PBXBuildFile; fileRef = F4B916A21DD5CCCD0024C110 /* stepCell.m */; };
		F4E6373B1DEDCD4600B4D815 /* userInfosSingleton.m in Sources */ = {isa = PBXBuildFile; fileRef = F4E6373A1DEDCD4600B4D815 /* userInfosSingleton.m */; };
		F4EB1ABA1DC0E48D00E10262 /* categoryLabel.m in Sources */ = {isa = PBXBuildFile; fileRef = F4EB1AB91DC0E48D00E10262 /* categoryLabel.m */; };
		F4F02F711DE3323F005D52DB /* userTableViewCell.m in Sources */ = {isa = PBXBuildFile; fileRef = F4F02F701DE3323F005D52DB /* userTableViewCell.m */; };
		F4F02F741DE338FF005D52DB /* recipeAvatarViewController.m in Sources */ = {isa = PBXBuildFile; fileRef = F4F02F731DE338FF005D52DB /* recipeAvatarViewController.m */; };
		F4F080501DBF9525008175A2 /* SearchResultViewController.m in Sources */ = {isa = PBXBuildFile; fileRef = F4F0804F1DBF9525008175A2 /* SearchResultViewController.m */; };
		F4F5EECE1DBA6FA000F1A4AC /* item2.png in Resources */ = {isa = PBXBuildFile; fileRef = F4F5EECC1DBA6FA000F1A4AC /* item2.png */; };
		F4F5EEDE1DBA8EE800F1A4AC /* iconMain.png in Resources */ = {isa = PBXBuildFile; fileRef = F4F5EEDD1DBA8EE800F1A4AC /* iconMain.png */; };
		F4F5EEE01DBA900900F1A4AC /* item1.png in Resources */ = {isa = PBXBuildFile; fileRef = F4F5EEDF1DBA900900F1A4AC /* item1.png */; };
		F4F5EF381DBBBF6100F1A4AC /* loved.png in Resources */ = {isa = PBXBuildFile; fileRef = F4F5EF341DBBBF6100F1A4AC /* loved.png */; };
		F4F5EF391DBBBF6100F1A4AC /* love.png in Resources */ = {isa = PBXBuildFile; fileRef = F4F5EF351DBBBF6100F1A4AC /* love.png */; };
/* End PBXBuildFile section */

/* Begin PBXContainerItemProxy section */
		F494A5D71DB6893E00D173E0 /* PBXContainerItemProxy */ = {
			isa = PBXContainerItemProxy;
			containerPortal = F494A5B51DB6893E00D173E0 /* Project object */;
			proxyType = 1;
			remoteGlobalIDString = F494A5BC1DB6893E00D173E0;
			remoteInfo = YUMMY;
		};
		F494A5E21DB6893E00D173E0 /* PBXContainerItemProxy */ = {
			isa = PBXContainerItemProxy;
			containerPortal = F494A5B51DB6893E00D173E0 /* Project object */;
			proxyType = 1;
			remoteGlobalIDString = F494A5BC1DB6893E00D173E0;
			remoteInfo = YUMMY;
		};
/* End PBXContainerItemProxy section */

/* Begin PBXFileReference section */
		F40FCC5A1DCF923E00A65B22 /* recipeInfoCell.h */ = {isa = PBXFileReference; fileEncoding = 4; lastKnownFileType = sourcecode.c.h; path = recipeInfoCell.h; sourceTree = "<group>"; };
		F40FCC5B1DCF923E00A65B22 /* recipeInfoCell.m */ = {isa = PBXFileReference; fileEncoding = 4; lastKnownFileType = sourcecode.c.objc; path = recipeInfoCell.m; sourceTree = "<group>"; };
		F41422941DB6F2670010F9A8 /* MainViewController.h */ = {isa = PBXFileReference; fileEncoding = 4; lastKnownFileType = sourcecode.c.h; name = MainViewController.h; path = ../MainViewController.h; sourceTree = "<group>"; };
		F41422951DB6F2670010F9A8 /* MainViewController.m */ = {isa = PBXFileReference; fileEncoding = 4; lastKnownFileType = sourcecode.c.objc; name = MainViewController.m; path = ../MainViewController.m; sourceTree = "<group>"; };
		F41422981DB70DA80010F9A8 /* SignUpViewController.h */ = {isa = PBXFileReference; fileEncoding = 4; lastKnownFileType = sourcecode.c.h; name = SignUpViewController.h; path = ../SignUpViewController.h; sourceTree = "<group>"; };
		F41422991DB70DA80010F9A8 /* SignUpViewController.m */ = {isa = PBXFileReference; fileEncoding = 4; lastKnownFileType = sourcecode.c.objc; name = SignUpViewController.m; path = ../SignUpViewController.m; sourceTree = "<group>"; };
		F41422A21DB7D7410010F9A8 /* CoreImage.framework */ = {isa = PBXFileReference; lastKnownFileType = wrapper.framework; name = CoreImage.framework; path = System/Library/Frameworks/CoreImage.framework; sourceTree = SDKROOT; };
		F41422A41DB7D7480010F9A8 /* QuartzCore.framework */ = {isa = PBXFileReference; lastKnownFileType = wrapper.framework; name = QuartzCore.framework; path = System/Library/Frameworks/QuartzCore.framework; sourceTree = SDKROOT; };
		F4197C921DB8B0A100194D9B /* TabBarController.h */ = {isa = PBXFileReference; fileEncoding = 4; lastKnownFileType = sourcecode.c.h; path = TabBarController.h; sourceTree = "<group>"; };
		F4197C931DB8B0A100194D9B /* TabBarController.m */ = {isa = PBXFileReference; fileEncoding = 4; lastKnownFileType = sourcecode.c.objc; path = TabBarController.m; sourceTree = "<group>"; };
		F4197C951DB8B2EB00194D9B /* SearchViewController.h */ = {isa = PBXFileReference; fileEncoding = 4; lastKnownFileType = sourcecode.c.h; path = SearchViewController.h; sourceTree = "<group>"; };
		F4197C961DB8B2EB00194D9B /* SearchViewController.m */ = {isa = PBXFileReference; fileEncoding = 4; lastKnownFileType = sourcecode.c.objc; path = SearchViewController.m; sourceTree = "<group>"; };
		F4197C9F1DB8D43800194D9B /* 3.png */ = {isa = PBXFileReference; lastKnownFileType = image.png; path = 3.png; sourceTree = "<group>"; };
		F4197CA01DB8D43800194D9B /* 2.png */ = {isa = PBXFileReference; lastKnownFileType = image.png; path = 2.png; sourceTree = "<group>"; };
		F4197CA11DB8D43800194D9B /* 1.png */ = {isa = PBXFileReference; lastKnownFileType = image.png; path = 1.png; sourceTree = "<group>"; };
		F4197CA61DB8FBE200194D9B /* CHTCollectionViewWaterfallLayout.h */ = {isa = PBXFileReference; fileEncoding = 4; lastKnownFileType = sourcecode.c.h; path = CHTCollectionViewWaterfallLayout.h; sourceTree = "<group>"; };
		F4197CA71DB8FBE200194D9B /* CHTCollectionViewWaterfallLayout.m */ = {isa = PBXFileReference; fileEncoding = 4; lastKnownFileType = sourcecode.c.objc; path = CHTCollectionViewWaterfallLayout.m; sourceTree = "<group>"; };
		F44170181DEAC0F50048110A /* recipeStepViewController.h */ = {isa = PBXFileReference; fileEncoding = 4; lastKnownFileType = sourcecode.c.h; path = recipeStepViewController.h; sourceTree = "<group>"; };
		F44170191DEAC0F50048110A /* recipeStepViewController.m */ = {isa = PBXFileReference; fileEncoding = 4; lastKnownFileType = sourcecode.c.objc; path = recipeStepViewController.m; sourceTree = "<group>"; };
		F4417F501DE096FE00ABB015 /* anotherUserViewController.h */ = {isa = PBXFileReference; fileEncoding = 4; lastKnownFileType = sourcecode.c.h; path = anotherUserViewController.h; sourceTree = "<group>"; };
		F4417F511DE096FE00ABB015 /* anotherUserViewController.m */ = {isa = PBXFileReference; fileEncoding = 4; lastKnownFileType = sourcecode.c.objc; path = anotherUserViewController.m; sourceTree = "<group>"; };
		F4730B081DDB33F900BB10D5 /* notificationTableViewCell.h */ = {isa = PBXFileReference; fileEncoding = 4; lastKnownFileType = sourcecode.c.h; path = notificationTableViewCell.h; sourceTree = "<group>"; };
		F4730B091DDB33F900BB10D5 /* notificationTableViewCell.m */ = {isa = PBXFileReference; fileEncoding = 4; lastKnownFileType = sourcecode.c.objc; path = notificationTableViewCell.m; sourceTree = "<group>"; };
		F4730B0E1DDB569100BB10D5 /* avatar.jpg */ = {isa = PBXFileReference; lastKnownFileType = image.jpeg; path = avatar.jpg; sourceTree = "<group>"; };
		F47630051DE9B64C0087EB3E /* recipeIngredientViewController.h */ = {isa = PBXFileReference; fileEncoding = 4; lastKnownFileType = sourcecode.c.h; path = recipeIngredientViewController.h; sourceTree = "<group>"; };
		F47630061DE9B64C0087EB3E /* recipeIngredientViewController.m */ = {isa = PBXFileReference; fileEncoding = 4; lastKnownFileType = sourcecode.c.objc; path = recipeIngredientViewController.m; sourceTree = "<group>"; };
		F47C69FB1DCBB27500AD951E /* UserViewController.h */ = {isa = PBXFileReference; fileEncoding = 4; lastKnownFileType = sourcecode.c.h; path = UserViewController.h; sourceTree = "<group>"; };
		F47C69FC1DCBB27500AD951E /* UserViewController.m */ = {isa = PBXFileReference; fileEncoding = 4; lastKnownFileType = sourcecode.c.objc; path = UserViewController.m; sourceTree = "<group>"; };
		F48067841DDC7B21009BC684 /* UserRecipeCollectionViewCell.h */ = {isa = PBXFileReference; fileEncoding = 4; lastKnownFileType = sourcecode.c.h; path = UserRecipeCollectionViewCell.h; sourceTree = "<group>"; };
		F48067851DDC7B21009BC684 /* UserRecipeCollectionViewCell.m */ = {isa = PBXFileReference; fileEncoding = 4; lastKnownFileType = sourcecode.c.objc; path = UserRecipeCollectionViewCell.m; sourceTree = "<group>"; };
		F483B2091DE0110F00D86DBA /* RecipeContentViewController.h */ = {isa = PBXFileReference; fileEncoding = 4; lastKnownFileType = sourcecode.c.h; path = RecipeContentViewController.h; sourceTree = "<group>"; };
		F483B20A1DE0110F00D86DBA /* RecipeContentViewController.m */ = {isa = PBXFileReference; fileEncoding = 4; lastKnownFileType = sourcecode.c.objc; path = RecipeContentViewController.m; sourceTree = "<group>"; };
		F48445F71DBC8AD2003B09F4 /* mainCell.h */ = {isa = PBXFileReference; fileEncoding = 4; lastKnownFileType = sourcecode.c.h; path = mainCell.h; sourceTree = "<group>"; };
		F48445F81DBC8AD2003B09F4 /* mainCell.m */ = {isa = PBXFileReference; fileEncoding = 4; lastKnownFileType = sourcecode.c.objc; path = mainCell.m; sourceTree = "<group>"; };
		F494A5BD1DB6893E00D173E0 /* YUMMY.app */ = {isa = PBXFileReference; explicitFileType = wrapper.application; includeInIndex = 0; path = YUMMY.app; sourceTree = BUILT_PRODUCTS_DIR; };
		F494A5C11DB6893E00D173E0 /* main.m */ = {isa = PBXFileReference; lastKnownFileType = sourcecode.c.objc; path = main.m; sourceTree = "<group>"; };
		F494A5C31DB6893E00D173E0 /* AppDelegate.h */ = {isa = PBXFileReference; lastKnownFileType = sourcecode.c.h; path = AppDelegate.h; sourceTree = "<group>"; };
		F494A5C41DB6893E00D173E0 /* AppDelegate.m */ = {isa = PBXFileReference; lastKnownFileType = sourcecode.c.objc; path = AppDelegate.m; sourceTree = "<group>"; };
		F494A5C61DB6893E00D173E0 /* ViewController.h */ = {isa = PBXFileReference; lastKnownFileType = sourcecode.c.h; path = ViewController.h; sourceTree = "<group>"; };
		F494A5C71DB6893E00D173E0 /* ViewController.m */ = {isa = PBXFileReference; lastKnownFileType = sourcecode.c.objc; path = ViewController.m; sourceTree = "<group>"; };
		F494A5CA1DB6893E00D173E0 /* Base */ = {isa = PBXFileReference; lastKnownFileType = file.storyboard; name = Base; path = Base.lproj/Main.storyboard; sourceTree = "<group>"; };
		F494A5CC1DB6893E00D173E0 /* Assets.xcassets */ = {isa = PBXFileReference; lastKnownFileType = folder.assetcatalog; path = Assets.xcassets; sourceTree = "<group>"; };
		F494A5CF1DB6893E00D173E0 /* Base */ = {isa = PBXFileReference; lastKnownFileType = file.storyboard; name = Base; path = Base.lproj/LaunchScreen.storyboard; sourceTree = "<group>"; };
		F494A5D11DB6893E00D173E0 /* Info.plist */ = {isa = PBXFileReference; lastKnownFileType = text.plist.xml; path = Info.plist; sourceTree = "<group>"; };
		F494A5D61DB6893E00D173E0 /* YUMMYTests.xctest */ = {isa = PBXFileReference; explicitFileType = wrapper.cfbundle; includeInIndex = 0; path = YUMMYTests.xctest; sourceTree = BUILT_PRODUCTS_DIR; };
		F494A5DA1DB6893E00D173E0 /* YUMMYTests.m */ = {isa = PBXFileReference; lastKnownFileType = sourcecode.c.objc; path = YUMMYTests.m; sourceTree = "<group>"; };
		F494A5DC1DB6893E00D173E0 /* Info.plist */ = {isa = PBXFileReference; lastKnownFileType = text.plist.xml; path = Info.plist; sourceTree = "<group>"; };
		F494A5E11DB6893E00D173E0 /* YUMMYUITests.xctest */ = {isa = PBXFileReference; explicitFileType = wrapper.cfbundle; includeInIndex = 0; path = YUMMYUITests.xctest; sourceTree = BUILT_PRODUCTS_DIR; };
		F494A5E51DB6893E00D173E0 /* YUMMYUITests.m */ = {isa = PBXFileReference; lastKnownFileType = sourcecode.c.objc; path = YUMMYUITests.m; sourceTree = "<group>"; };
		F494A5E71DB6893E00D173E0 /* Info.plist */ = {isa = PBXFileReference; lastKnownFileType = text.plist.xml; path = Info.plist; sourceTree = "<group>"; };
		F49EDE811DDF091B00412FC4 /* UserWhoFollowViewController.h */ = {isa = PBXFileReference; fileEncoding = 4; lastKnownFileType = sourcecode.c.h; path = UserWhoFollowViewController.h; sourceTree = "<group>"; };
		F49EDE821DDF091B00412FC4 /* UserWhoFollowViewController.m */ = {isa = PBXFileReference; fileEncoding = 4; lastKnownFileType = sourcecode.c.objc; path = UserWhoFollowViewController.m; sourceTree = "<group>"; };
		F4A7EE4B1DC5DEBC0064F576 /* CreateViewController.h */ = {isa = PBXFileReference; fileEncoding = 4; lastKnownFileType = sourcecode.c.h; path = CreateViewController.h; sourceTree = "<group>"; };
		F4A7EE4C1DC5DEBC0064F576 /* CreateViewController.m */ = {isa = PBXFileReference; fileEncoding = 4; lastKnownFileType = sourcecode.c.objc; path = CreateViewController.m; sourceTree = "<group>"; };
		F4B7FF971DC6247A003F6960 /* NotificationViewController.h */ = {isa = PBXFileReference; fileEncoding = 4; lastKnownFileType = sourcecode.c.h; path = NotificationViewController.h; sourceTree = "<group>"; };
		F4B7FF981DC6247A003F6960 /* NotificationViewController.m */ = {isa = PBXFileReference; fileEncoding = 4; lastKnownFileType = sourcecode.c.objc; path = NotificationViewController.m; sourceTree = "<group>"; };
		F4B9169E1DD5CBA60024C110 /* cateCell.h */ = {isa = PBXFileReference; fileEncoding = 4; lastKnownFileType = sourcecode.c.h; path = cateCell.h; sourceTree = "<group>"; };
		F4B9169F1DD5CBA60024C110 /* cateCell.m */ = {isa = PBXFileReference; fileEncoding = 4; lastKnownFileType = sourcecode.c.objc; path = cateCell.m; sourceTree = "<group>"; };
		F4B916A11DD5CCCD0024C110 /* stepCell.h */ = {isa = PBXFileReference; fileEncoding = 4; lastKnownFileType = sourcecode.c.h; path = stepCell.h; sourceTree = "<group>"; };
		F4B916A21DD5CCCD0024C110 /* stepCell.m */ = {isa = PBXFileReference; fileEncoding = 4; lastKnownFileType = sourcecode.c.objc; path = stepCell.m; sourceTree = "<group>"; };
		F4E637391DEDCD4600B4D815 /* userInfosSingleton.h */ = {isa = PBXFileReference; fileEncoding = 4; lastKnownFileType = sourcecode.c.h; path = userInfosSingleton.h; sourceTree = "<group>"; };
		F4E6373A1DEDCD4600B4D815 /* userInfosSingleton.m */ = {isa = PBXFileReference; fileEncoding = 4; lastKnownFileType = sourcecode.c.objc; path = userInfosSingleton.m; sourceTree = "<group>"; };
		F4EB1AB81DC0E48D00E10262 /* categoryLabel.h */ = {isa = PBXFileReference; fileEncoding = 4; lastKnownFileType = sourcecode.c.h; path = categoryLabel.h; sourceTree = "<group>"; };
		F4EB1AB91DC0E48D00E10262 /* categoryLabel.m */ = {isa = PBXFileReference; fileEncoding = 4; lastKnownFileType = sourcecode.c.objc; path = categoryLabel.m; sourceTree = "<group>"; };
		F4F02F6F1DE3323F005D52DB /* userTableViewCell.h */ = {isa = PBXFileReference; fileEncoding = 4; lastKnownFileType = sourcecode.c.h; path = userTableViewCell.h; sourceTree = "<group>"; };
		F4F02F701DE3323F005D52DB /* userTableViewCell.m */ = {isa = PBXFileReference; fileEncoding = 4; lastKnownFileType = sourcecode.c.objc; path = userTableViewCell.m; sourceTree = "<group>"; };
		F4F02F721DE338FF005D52DB /* recipeAvatarViewController.h */ = {isa = PBXFileReference; fileEncoding = 4; lastKnownFileType = sourcecode.c.h; path = recipeAvatarViewController.h; sourceTree = "<group>"; };
		F4F02F731DE338FF005D52DB /* recipeAvatarViewController.m */ = {isa = PBXFileReference; fileEncoding = 4; lastKnownFileType = sourcecode.c.objc; path = recipeAvatarViewController.m; sourceTree = "<group>"; };
		F4F0804E1DBF9525008175A2 /* SearchResultViewController.h */ = {isa = PBXFileReference; fileEncoding = 4; lastKnownFileType = sourcecode.c.h; path = SearchResultViewController.h; sourceTree = "<group>"; };
		F4F0804F1DBF9525008175A2 /* SearchResultViewController.m */ = {isa = PBXFileReference; fileEncoding = 4; lastKnownFileType = sourcecode.c.objc; path = SearchResultViewController.m; sourceTree = "<group>"; };
		F4F5EECC1DBA6FA000F1A4AC /* item2.png */ = {isa = PBXFileReference; lastKnownFileType = image.png; path = item2.png; sourceTree = "<group>"; };
		F4F5EEDD1DBA8EE800F1A4AC /* iconMain.png */ = {isa = PBXFileReference; lastKnownFileType = image.png; path = iconMain.png; sourceTree = "<group>"; };
		F4F5EEDF1DBA900900F1A4AC /* item1.png */ = {isa = PBXFileReference; lastKnownFileType = image.png; path = item1.png; sourceTree = "<group>"; };
		F4F5EF341DBBBF6100F1A4AC /* loved.png */ = {isa = PBXFileReference; lastKnownFileType = image.png; path = loved.png; sourceTree = "<group>"; };
		F4F5EF351DBBBF6100F1A4AC /* love.png */ = {isa = PBXFileReference; lastKnownFileType = image.png; path = love.png; sourceTree = "<group>"; };
/* End PBXFileReference section */

/* Begin PBXFrameworksBuildPhase section */
		F494A5BA1DB6893E00D173E0 /* Frameworks */ = {
			isa = PBXFrameworksBuildPhase;
			buildActionMask = 2147483647;
			files = (
				F41422A51DB7D7480010F9A8 /* QuartzCore.framework in Frameworks */,
				F41422A31DB7D7410010F9A8 /* CoreImage.framework in Frameworks */,
			);
			runOnlyForDeploymentPostprocessing = 0;
		};
		F494A5D31DB6893E00D173E0 /* Frameworks */ = {
			isa = PBXFrameworksBuildPhase;
			buildActionMask = 2147483647;
			files = (
			);
			runOnlyForDeploymentPostprocessing = 0;
		};
		F494A5DE1DB6893E00D173E0 /* Frameworks */ = {
			isa = PBXFrameworksBuildPhase;
			buildActionMask = 2147483647;
			files = (
			);
			runOnlyForDeploymentPostprocessing = 0;
		};
/* End PBXFrameworksBuildPhase section */

/* Begin PBXGroup section */
		F41422971DB6F2720010F9A8 /* MainScreen */ = {
			isa = PBXGroup;
			children = (
				F46EA6E51DD0AF9700C29E7C /* view */,
				F46EA6E41DD0AF8E00C29E7C /* outlet */,
			);
			name = MainScreen;
			sourceTree = "<group>";
		};
		F414229D1DB7863E0010F9A8 /* Sign up */ = {
			isa = PBXGroup;
			children = (
				F41422981DB70DA80010F9A8 /* SignUpViewController.h */,
				F41422991DB70DA80010F9A8 /* SignUpViewController.m */,
			);
			name = "Sign up";
			sourceTree = "<group>";
		};
		F41422A11DB7D7410010F9A8 /* Frameworks */ = {
			isa = PBXGroup;
			children = (
				F41422A41DB7D7480010F9A8 /* QuartzCore.framework */,
				F41422A21DB7D7410010F9A8 /* CoreImage.framework */,
			);
			name = Frameworks;
			sourceTree = "<group>";
		};
		F4197C981DB8B2F700194D9B /* Search */ = {
			isa = PBXGroup;
			children = (
				F4197C951DB8B2EB00194D9B /* SearchViewController.h */,
				F4197C961DB8B2EB00194D9B /* SearchViewController.m */,
				F4F0804E1DBF9525008175A2 /* SearchResultViewController.h */,
				F4F0804F1DBF9525008175A2 /* SearchResultViewController.m */,
			);
			name = Search;
			sourceTree = "<group>";
		};
		F4197CA51DB8D44000194D9B /* exampleMaterials */ = {
			isa = PBXGroup;
			children = (
				F4F5EF341DBBBF6100F1A4AC /* loved.png */,
				F4F5EF351DBBBF6100F1A4AC /* love.png */,
				F4F5EEDF1DBA900900F1A4AC /* item1.png */,
				F4F5EECC1DBA6FA000F1A4AC /* item2.png */,
				F4F5EEDD1DBA8EE800F1A4AC /* iconMain.png */,
				F4197C9F1DB8D43800194D9B /* 3.png */,
				F4197CA01DB8D43800194D9B /* 2.png */,
				F4197CA11DB8D43800194D9B /* 1.png */,
				F4730B0E1DDB569100BB10D5 /* avatar.jpg */,
			);
			name = exampleMaterials;
			sourceTree = "<group>";
		};
		F4417F531DE0976200ABB015 /* clickOnUser */ = {
			isa = PBXGroup;
			children = (
				F4417F501DE096FE00ABB015 /* anotherUserViewController.h */,
				F4417F511DE096FE00ABB015 /* anotherUserViewController.m */,
			);
			name = clickOnUser;
			sourceTree = "<group>";
		};
		F4599A451DB69F6A00014CD9 /* Login */ = {
			isa = PBXGroup;
			children = (
				F494A5C61DB6893E00D173E0 /* ViewController.h */,
				F494A5C71DB6893E00D173E0 /* ViewController.m */,
			);
			name = Login;
			sourceTree = "<group>";
		};
		F46EA6E21DD05FB500C29E7C /* view */ = {
			isa = PBXGroup;
			children = (
				F4A7EE4B1DC5DEBC0064F576 /* CreateViewController.h */,
				F4A7EE4C1DC5DEBC0064F576 /* CreateViewController.m */,
				F4F02F751DE33909005D52DB /* 2nd Viewcontroller */,
			);
			name = view;
			sourceTree = "<group>";
		};
		F46EA6E31DD05FBF00C29E7C /* outlet */ = {
			isa = PBXGroup;
			children = (
				F40FCC5A1DCF923E00A65B22 /* recipeInfoCell.h */,
				F40FCC5B1DCF923E00A65B22 /* recipeInfoCell.m */,
				F4B9169E1DD5CBA60024C110 /* cateCell.h */,
				F4B9169F1DD5CBA60024C110 /* cateCell.m */,
				F4B916A11DD5CCCD0024C110 /* stepCell.h */,
				F4B916A21DD5CCCD0024C110 /* stepCell.m */,
			);
			name = outlet;
			sourceTree = "<group>";
		};
		F46EA6E41DD0AF8E00C29E7C /* outlet */ = {
			isa = PBXGroup;
			children = (
				F4EB1AB81DC0E48D00E10262 /* categoryLabel.h */,
				F4EB1AB91DC0E48D00E10262 /* categoryLabel.m */,
			);
			name = outlet;
			sourceTree = "<group>";
		};
		F46EA6E51DD0AF9700C29E7C /* view */ = {
			isa = PBXGroup;
			children = (
				F41422941DB6F2670010F9A8 /* MainViewController.h */,
				F41422951DB6F2670010F9A8 /* MainViewController.m */,
				F4197C921DB8B0A100194D9B /* TabBarController.h */,
				F4197C931DB8B0A100194D9B /* TabBarController.m */,
			);
			name = view;
			sourceTree = "<group>";
		};
		F4730B0B1DDB340100BB10D5 /* outlet */ = {
			isa = PBXGroup;
			children = (
				F4730B081DDB33F900BB10D5 /* notificationTableViewCell.h */,
				F4730B091DDB33F900BB10D5 /* notificationTableViewCell.m */,
			);
			name = outlet;
			sourceTree = "<group>";
		};
		F47C69FE1DCBB28C00AD951E /* UserScreen */ = {
			isa = PBXGroup;
			children = (
				F47C69FB1DCBB27500AD951E /* UserViewController.h */,
				F47C69FC1DCBB27500AD951E /* UserViewController.m */,
				F49EDE841DDF092000412FC4 /* 2nd step view controller */,
				F48067871DDC7B27009BC684 /* outlet */,
			);
			name = UserScreen;
			sourceTree = "<group>";
		};
		F48067871DDC7B27009BC684 /* outlet */ = {
			isa = PBXGroup;
			children = (
				F48067841DDC7B21009BC684 /* UserRecipeCollectionViewCell.h */,
				F48067851DDC7B21009BC684 /* UserRecipeCollectionViewCell.m */,
			);
			name = outlet;
			sourceTree = "<group>";
		};
		F483B20C1DE0111900D86DBA /* MainController2nd */ = {
			isa = PBXGroup;
			children = (
				F483B2091DE0110F00D86DBA /* RecipeContentViewController.h */,
				F483B20A1DE0110F00D86DBA /* RecipeContentViewController.m */,
				F4417F531DE0976200ABB015 /* clickOnUser */,
			);
			name = MainController2nd;
			sourceTree = "<group>";
		};
		F48445FA1DBC9970003B09F4 /* library */ = {
			isa = PBXGroup;
			children = (
				F4197CA61DB8FBE200194D9B /* CHTCollectionViewWaterfallLayout.h */,
				F4197CA71DB8FBE200194D9B /* CHTCollectionViewWaterfallLayout.m */,
			);
			name = library;
			sourceTree = "<group>";
		};
		F494A5B41DB6893E00D173E0 = {
			isa = PBXGroup;
			children = (
				F494A5BF1DB6893E00D173E0 /* YUMMY */,
				F494A5D91DB6893E00D173E0 /* YUMMYTests */,
				F494A5E41DB6893E00D173E0 /* YUMMYUITests */,
				F494A5BE1DB6893E00D173E0 /* Products */,
				F41422A11DB7D7410010F9A8 /* Frameworks */,
			);
			sourceTree = "<group>";
		};
		F494A5BE1DB6893E00D173E0 /* Products */ = {
			isa = PBXGroup;
			children = (
				F494A5BD1DB6893E00D173E0 /* YUMMY.app */,
				F494A5D61DB6893E00D173E0 /* YUMMYTests.xctest */,
				F494A5E11DB6893E00D173E0 /* YUMMYUITests.xctest */,
			);
			name = Products;
			sourceTree = "<group>";
		};
		F494A5BF1DB6893E00D173E0 /* YUMMY */ = {
			isa = PBXGroup;
			children = (
				F494A5C91DB6893E00D173E0 /* Main.storyboard */,
				F494A5CC1DB6893E00D173E0 /* Assets.xcassets */,
				F494A5CE1DB6893E00D173E0 /* LaunchScreen.storyboard */,
				F494A5C31DB6893E00D173E0 /* AppDelegate.h */,
				F494A5C41DB6893E00D173E0 /* AppDelegate.m */,
				F494A5D11DB6893E00D173E0 /* Info.plist */,
				F4197CA51DB8D44000194D9B /* exampleMaterials */,
				F414229D1DB7863E0010F9A8 /* Sign up */,
				F4599A451DB69F6A00014CD9 /* Login */,
				F4F080511DBF9632008175A2 /* MainController */,
				F483B20C1DE0111900D86DBA /* MainController2nd */,
				F494A5C01DB6893E00D173E0 /* Supporting Files */,
			);
			path = YUMMY;
			sourceTree = "<group>";
		};
		F494A5C01DB6893E00D173E0 /* Supporting Files */ = {
			isa = PBXGroup;
			children = (
				F4E637391DEDCD4600B4D815 /* userInfosSingleton.h */,
				F4E6373A1DEDCD4600B4D815 /* userInfosSingleton.m */,
				F494A5C11DB6893E00D173E0 /* main.m */,
				F48445FA1DBC9970003B09F4 /* library */,
			);
			name = "Supporting Files";
			sourceTree = "<group>";
		};
		F494A5D91DB6893E00D173E0 /* YUMMYTests */ = {
			isa = PBXGroup;
			children = (
				F494A5DA1DB6893E00D173E0 /* YUMMYTests.m */,
				F494A5DC1DB6893E00D173E0 /* Info.plist */,
			);
			path = YUMMYTests;
			sourceTree = "<group>";
		};
		F494A5E41DB6893E00D173E0 /* YUMMYUITests */ = {
			isa = PBXGroup;
			children = (
				F494A5E51DB6893E00D173E0 /* YUMMYUITests.m */,
				F494A5E71DB6893E00D173E0 /* Info.plist */,
			);
			path = YUMMYUITests;
			sourceTree = "<group>";
		};
		F49EDE841DDF092000412FC4 /* 2nd step view controller */ = {
			isa = PBXGroup;
			children = (
				F49EDE811DDF091B00412FC4 /* UserWhoFollowViewController.h */,
				F49EDE821DDF091B00412FC4 /* UserWhoFollowViewController.m */,
				F4F02F6F1DE3323F005D52DB /* userTableViewCell.h */,
				F4F02F701DE3323F005D52DB /* userTableViewCell.m */,
			);
			name = "2nd step view controller";
			sourceTree = "<group>";
		};
		F4A7EE4E1DC5DEC30064F576 /* Create Recipe */ = {
			isa = PBXGroup;
			children = (
				F46EA6E21DD05FB500C29E7C /* view */,
				F46EA6E31DD05FBF00C29E7C /* outlet */,
			);
			name = "Create Recipe";
			sourceTree = "<group>";
		};
		F4B7FF9A1DC62480003F6960 /* Notification */ = {
			isa = PBXGroup;
			children = (
				F4B7FF971DC6247A003F6960 /* NotificationViewController.h */,
				F4B7FF981DC6247A003F6960 /* NotificationViewController.m */,
				F4730B0B1DDB340100BB10D5 /* outlet */,
			);
			name = Notification;
			sourceTree = "<group>";
		};
		F4EB1ABB1DC1160D00E10262 /* Customize IBOutlets */ = {
			isa = PBXGroup;
			children = (
				F48445F71DBC8AD2003B09F4 /* mainCell.h */,
				F48445F81DBC8AD2003B09F4 /* mainCell.m */,
			);
			name = "Customize IBOutlets";
			sourceTree = "<group>";
		};
		F4F02F751DE33909005D52DB /* 2nd Viewcontroller */ = {
			isa = PBXGroup;
			children = (
				F4F02F721DE338FF005D52DB /* recipeAvatarViewController.h */,
				F4F02F731DE338FF005D52DB /* recipeAvatarViewController.m */,
				F47630051DE9B64C0087EB3E /* recipeIngredientViewController.h */,
				F47630061DE9B64C0087EB3E /* recipeIngredientViewController.m */,
				F44170181DEAC0F50048110A /* recipeStepViewController.h */,
				F44170191DEAC0F50048110A /* recipeStepViewController.m */,
			);
			name = "2nd Viewcontroller";
			sourceTree = "<group>";
		};
		F4F080511DBF9632008175A2 /* MainController */ = {
			isa = PBXGroup;
			children = (
				F4EB1ABB1DC1160D00E10262 /* Customize IBOutlets */,
				F41422971DB6F2720010F9A8 /* MainScreen */,
				F4197C981DB8B2F700194D9B /* Search */,
				F4A7EE4E1DC5DEC30064F576 /* Create Recipe */,
				F4B7FF9A1DC62480003F6960 /* Notification */,
				F47C69FE1DCBB28C00AD951E /* UserScreen */,
			);
			name = MainController;
			sourceTree = "<group>";
		};
/* End PBXGroup section */

/* Begin PBXNativeTarget section */
		F494A5BC1DB6893E00D173E0 /* YUMMY */ = {
			isa = PBXNativeTarget;
			buildConfigurationList = F494A5EA1DB6893E00D173E0 /* Build configuration list for PBXNativeTarget "YUMMY" */;
			buildPhases = (
				F494A5B91DB6893E00D173E0 /* Sources */,
				F494A5BA1DB6893E00D173E0 /* Frameworks */,
				F494A5BB1DB6893E00D173E0 /* Resources */,
			);
			buildRules = (
			);
			dependencies = (
			);
			name = YUMMY;
			productName = YUMMY;
			productReference = F494A5BD1DB6893E00D173E0 /* YUMMY.app */;
			productType = "com.apple.product-type.application";
		};
		F494A5D51DB6893E00D173E0 /* YUMMYTests */ = {
			isa = PBXNativeTarget;
			buildConfigurationList = F494A5ED1DB6893E00D173E0 /* Build configuration list for PBXNativeTarget "YUMMYTests" */;
			buildPhases = (
				F0CDA545863CCFE46C91E534 /* 📦 Check Pods Manifest.lock */,
				F494A5D21DB6893E00D173E0 /* Sources */,
				F494A5D31DB6893E00D173E0 /* Frameworks */,
				F494A5D41DB6893E00D173E0 /* Resources */,
				89446321A18DFD2AB4D6335A /* 📦 Embed Pods Frameworks */,
				74D973ABD9EA84D8196655B7 /* 📦 Copy Pods Resources */,
			);
			buildRules = (
			);
			dependencies = (
				F494A5D81DB6893E00D173E0 /* PBXTargetDependency */,
			);
			name = YUMMYTests;
			productName = YUMMYTests;
			productReference = F494A5D61DB6893E00D173E0 /* YUMMYTests.xctest */;
			productType = "com.apple.product-type.bundle.unit-test";
		};
		F494A5E01DB6893E00D173E0 /* YUMMYUITests */ = {
			isa = PBXNativeTarget;
			buildConfigurationList = F494A5F01DB6893E00D173E0 /* Build configuration list for PBXNativeTarget "YUMMYUITests" */;
			buildPhases = (
				54333A61DD7E58AF7C931CD2 /* 📦 Check Pods Manifest.lock */,
				F494A5DD1DB6893E00D173E0 /* Sources */,
				F494A5DE1DB6893E00D173E0 /* Frameworks */,
				F494A5DF1DB6893E00D173E0 /* Resources */,
				4A6B621E01FF0EA6EEED2071 /* 📦 Copy Pods Resources */,
			);
			buildRules = (
			);
			dependencies = (
				F494A5E31DB6893E00D173E0 /* PBXTargetDependency */,
			);
			name = YUMMYUITests;
			productName = YUMMYUITests;
			productReference = F494A5E11DB6893E00D173E0 /* YUMMYUITests.xctest */;
			productType = "com.apple.product-type.bundle.ui-testing";
		};
/* End PBXNativeTarget section */

/* Begin PBXProject section */
		F494A5B51DB6893E00D173E0 /* Project object */ = {
			isa = PBXProject;
			attributes = {
				LastUpgradeCheck = 0810;
				ORGANIZATIONNAME = "Đinh Quân";
				TargetAttributes = {
					F494A5BC1DB6893E00D173E0 = {
						CreatedOnToolsVersion = 8.0;
						DevelopmentTeam = TX9R26AVUZ;
						LastSwiftMigration = 0800;
						ProvisioningStyle = Automatic;
					};
					F494A5D51DB6893E00D173E0 = {
						CreatedOnToolsVersion = 8.0;
						ProvisioningStyle = Automatic;
						TestTargetID = F494A5BC1DB6893E00D173E0;
					};
					F494A5E01DB6893E00D173E0 = {
						CreatedOnToolsVersion = 8.0;
						ProvisioningStyle = Automatic;
						TestTargetID = F494A5BC1DB6893E00D173E0;
					};
				};
			};
			buildConfigurationList = F494A5B81DB6893E00D173E0 /* Build configuration list for PBXProject "YUMMY" */;
			compatibilityVersion = "Xcode 3.2";
			developmentRegion = English;
			hasScannedForEncodings = 0;
			knownRegions = (
				en,
				Base,
			);
			mainGroup = F494A5B41DB6893E00D173E0;
			productRefGroup = F494A5BE1DB6893E00D173E0 /* Products */;
			projectDirPath = "";
			projectRoot = "";
			targets = (
				F494A5BC1DB6893E00D173E0 /* YUMMY */,
				F494A5D51DB6893E00D173E0 /* YUMMYTests */,
				F494A5E01DB6893E00D173E0 /* YUMMYUITests */,
			);
		};
/* End PBXProject section */

/* Begin PBXResourcesBuildPhase section */
		F494A5BB1DB6893E00D173E0 /* Resources */ = {
			isa = PBXResourcesBuildPhase;
			buildActionMask = 2147483647;
			files = (
				F4F5EEDE1DBA8EE800F1A4AC /* iconMain.png in Resources */,
				F4197CA31DB8D43800194D9B /* 2.png in Resources */,
				F4197CA21DB8D43800194D9B /* 3.png in Resources */,
				F494A5D01DB6893E00D173E0 /* LaunchScreen.storyboard in Resources */,
				F494A5CD1DB6893E00D173E0 /* Assets.xcassets in Resources */,
				F4F5EF391DBBBF6100F1A4AC /* love.png in Resources */,
				F4F5EECE1DBA6FA000F1A4AC /* item2.png in Resources */,
				F494A5CB1DB6893E00D173E0 /* Main.storyboard in Resources */,
				F4730B0F1DDB569100BB10D5 /* avatar.jpg in Resources */,
				F4F5EEE01DBA900900F1A4AC /* item1.png in Resources */,
				F4F5EF381DBBBF6100F1A4AC /* loved.png in Resources */,
				F4197CA41DB8D43800194D9B /* 1.png in Resources */,
			);
			runOnlyForDeploymentPostprocessing = 0;
		};
		F494A5D41DB6893E00D173E0 /* Resources */ = {
			isa = PBXResourcesBuildPhase;
			buildActionMask = 2147483647;
			files = (
			);
			runOnlyForDeploymentPostprocessing = 0;
		};
		F494A5DF1DB6893E00D173E0 /* Resources */ = {
			isa = PBXResourcesBuildPhase;
			buildActionMask = 2147483647;
			files = (
			);
			runOnlyForDeploymentPostprocessing = 0;
		};
/* End PBXResourcesBuildPhase section */

/* Begin PBXShellScriptBuildPhase section */
		4A6B621E01FF0EA6EEED2071 /* 📦 Copy Pods Resources */ = {
			isa = PBXShellScriptBuildPhase;
			buildActionMask = 2147483647;
			files = (
			);
			inputPaths = (
			);
			name = "📦 Copy Pods Resources";
			outputPaths = (
			);
			runOnlyForDeploymentPostprocessing = 0;
			shellPath = /bin/sh;
			shellScript = "\"${SRCROOT}/Pods/Target Support Files/Pods-YUMMYUITests/Pods-YUMMYUITests-resources.sh\"\n";
			showEnvVarsInLog = 0;
		};
		54333A61DD7E58AF7C931CD2 /* 📦 Check Pods Manifest.lock */ = {
			isa = PBXShellScriptBuildPhase;
			buildActionMask = 2147483647;
			files = (
			);
			inputPaths = (
			);
			name = "📦 Check Pods Manifest.lock";
			outputPaths = (
			);
			runOnlyForDeploymentPostprocessing = 0;
			shellPath = /bin/sh;
			shellScript = "diff \"${PODS_ROOT}/../Podfile.lock\" \"${PODS_ROOT}/Manifest.lock\" > /dev/null\nif [[ $? != 0 ]] ; then\n    cat << EOM\nerror: The sandbox is not in sync with the Podfile.lock. Run 'pod install' or update your CocoaPods installation.\nEOM\n    exit 1\nfi\n";
			showEnvVarsInLog = 0;
		};
		74D973ABD9EA84D8196655B7 /* 📦 Copy Pods Resources */ = {
			isa = PBXShellScriptBuildPhase;
			buildActionMask = 2147483647;
			files = (
			);
			inputPaths = (
			);
			name = "📦 Copy Pods Resources";
			outputPaths = (
			);
			runOnlyForDeploymentPostprocessing = 0;
			shellPath = /bin/sh;
			shellScript = "\"${SRCROOT}/Pods/Target Support Files/Pods-YUMMYTests/Pods-YUMMYTests-resources.sh\"\n";
			showEnvVarsInLog = 0;
		};
		89446321A18DFD2AB4D6335A /* 📦 Embed Pods Frameworks */ = {
			isa = PBXShellScriptBuildPhase;
			buildActionMask = 2147483647;
			files = (
			);
			inputPaths = (
			);
			name = "📦 Embed Pods Frameworks";
			outputPaths = (
			);
			runOnlyForDeploymentPostprocessing = 0;
			shellPath = /bin/sh;
			shellScript = "\"${SRCROOT}/Pods/Target Support Files/Pods-YUMMYTests/Pods-YUMMYTests-frameworks.sh\"\n";
			showEnvVarsInLog = 0;
		};
		F0CDA545863CCFE46C91E534 /* 📦 Check Pods Manifest.lock */ = {
			isa = PBXShellScriptBuildPhase;
			buildActionMask = 2147483647;
			files = (
			);
			inputPaths = (
			);
			name = "📦 Check Pods Manifest.lock";
			outputPaths = (
			);
			runOnlyForDeploymentPostprocessing = 0;
			shellPath = /bin/sh;
			shellScript = "diff \"${PODS_ROOT}/../Podfile.lock\" \"${PODS_ROOT}/Manifest.lock\" > /dev/null\nif [[ $? != 0 ]] ; then\n    cat << EOM\nerror: The sandbox is not in sync with the Podfile.lock. Run 'pod install' or update your CocoaPods installation.\nEOM\n    exit 1\nfi\n";
			showEnvVarsInLog = 0;
		};
/* End PBXShellScriptBuildPhase section */

/* Begin PBXSourcesBuildPhase section */
		F494A5B91DB6893E00D173E0 /* Sources */ = {
			isa = PBXSourcesBuildPhase;
			buildActionMask = 2147483647;
			files = (
				F4730B0A1DDB33F900BB10D5 /* notificationTableViewCell.m in Sources */,
				F494A5C81DB6893E00D173E0 /* ViewController.m in Sources */,
				F414229A1DB70DA80010F9A8 /* SignUpViewController.m in Sources */,
				F483B20B1DE0110F00D86DBA /* RecipeContentViewController.m in Sources */,
				F49EDE831DDF091B00412FC4 /* UserWhoFollowViewController.m in Sources */,
				F4F02F741DE338FF005D52DB /* recipeAvatarViewController.m in Sources */,
				F4B916A01DD5CBA60024C110 /* cateCell.m in Sources */,
				F4A7EE4D1DC5DEBC0064F576 /* CreateViewController.m in Sources */,
				F441701A1DEAC0F50048110A /* recipeStepViewController.m in Sources */,
				F4F080501DBF9525008175A2 /* SearchResultViewController.m in Sources */,
				F494A5C51DB6893E00D173E0 /* AppDelegate.m in Sources */,
				F4F02F711DE3323F005D52DB /* userTableViewCell.m in Sources */,
				F4E6373B1DEDCD4600B4D815 /* userInfosSingleton.m in Sources */,
				F4197C941DB8B0A100194D9B /* TabBarController.m in Sources */,
				F40FCC5C1DCF923E00A65B22 /* recipeInfoCell.m in Sources */,
				F4B7FF991DC6247A003F6960 /* NotificationViewController.m in Sources */,
				F4B916A31DD5CCCD0024C110 /* stepCell.m in Sources */,
				F47C69FD1DCBB27500AD951E /* UserViewController.m in Sources */,
				F48067861DDC7B21009BC684 /* UserRecipeCollectionViewCell.m in Sources */,
				F47630071DE9B64C0087EB3E /* recipeIngredientViewController.m in Sources */,
				F4197CA81DB8FBE300194D9B /* CHTCollectionViewWaterfallLayout.m in Sources */,
				F494A5C21DB6893E00D173E0 /* main.m in Sources */,
				F4417F521DE096FE00ABB015 /* anotherUserViewController.m in Sources */,
				F4EB1ABA1DC0E48D00E10262 /* categoryLabel.m in Sources */,
				F41422961DB6F2670010F9A8 /* MainViewController.m in Sources */,
				F48445F91DBC8AD2003B09F4 /* mainCell.m in Sources */,
				F4197C971DB8B2EB00194D9B /* SearchViewController.m in Sources */,
			);
			runOnlyForDeploymentPostprocessing = 0;
		};
		F494A5D21DB6893E00D173E0 /* Sources */ = {
			isa = PBXSourcesBuildPhase;
			buildActionMask = 2147483647;
			files = (
				F494A5DB1DB6893E00D173E0 /* YUMMYTests.m in Sources */,
			);
			runOnlyForDeploymentPostprocessing = 0;
		};
		F494A5DD1DB6893E00D173E0 /* Sources */ = {
			isa = PBXSourcesBuildPhase;
			buildActionMask = 2147483647;
			files = (
				F494A5E61DB6893E00D173E0 /* YUMMYUITests.m in Sources */,
			);
			runOnlyForDeploymentPostprocessing = 0;
		};
/* End PBXSourcesBuildPhase section */

/* Begin PBXTargetDependency section */
		F494A5D81DB6893E00D173E0 /* PBXTargetDependency */ = {
			isa = PBXTargetDependency;
			target = F494A5BC1DB6893E00D173E0 /* YUMMY */;
			targetProxy = F494A5D71DB6893E00D173E0 /* PBXContainerItemProxy */;
		};
		F494A5E31DB6893E00D173E0 /* PBXTargetDependency */ = {
			isa = PBXTargetDependency;
			target = F494A5BC1DB6893E00D173E0 /* YUMMY */;
			targetProxy = F494A5E21DB6893E00D173E0 /* PBXContainerItemProxy */;
		};
/* End PBXTargetDependency section */

/* Begin PBXVariantGroup section */
		F494A5C91DB6893E00D173E0 /* Main.storyboard */ = {
			isa = PBXVariantGroup;
			children = (
				F494A5CA1DB6893E00D173E0 /* Base */,
			);
			name = Main.storyboard;
			sourceTree = "<group>";
		};
		F494A5CE1DB6893E00D173E0 /* LaunchScreen.storyboard */ = {
			isa = PBXVariantGroup;
			children = (
				F494A5CF1DB6893E00D173E0 /* Base */,
			);
			name = LaunchScreen.storyboard;
			sourceTree = "<group>";
		};
/* End PBXVariantGroup section */

/* Begin XCBuildConfiguration section */
		F494A5E81DB6893E00D173E0 /* Debug */ = {
			isa = XCBuildConfiguration;
			buildSettings = {
				ALWAYS_SEARCH_USER_PATHS = NO;
				CLANG_ANALYZER_NONNULL = YES;
				CLANG_CXX_LANGUAGE_STANDARD = "gnu++0x";
				CLANG_CXX_LIBRARY = "libc++";
				CLANG_ENABLE_MODULES = YES;
				CLANG_ENABLE_OBJC_ARC = YES;
				CLANG_WARN_BOOL_CONVERSION = YES;
				CLANG_WARN_CONSTANT_CONVERSION = YES;
				CLANG_WARN_DIRECT_OBJC_ISA_USAGE = YES_ERROR;
				CLANG_WARN_DOCUMENTATION_COMMENTS = YES;
				CLANG_WARN_EMPTY_BODY = YES;
				CLANG_WARN_ENUM_CONVERSION = YES;
				CLANG_WARN_INFINITE_RECURSION = YES;
				CLANG_WARN_INT_CONVERSION = YES;
				CLANG_WARN_OBJC_ROOT_CLASS = YES_ERROR;
				CLANG_WARN_SUSPICIOUS_MOVE = YES;
				CLANG_WARN_SUSPICIOUS_MOVES = YES;
				CLANG_WARN_UNREACHABLE_CODE = YES;
				CLANG_WARN__DUPLICATE_METHOD_MATCH = YES;
				"CODE_SIGN_IDENTITY[sdk=iphoneos*]" = "iPhone Developer";
				COPY_PHASE_STRIP = NO;
				DEBUG_INFORMATION_FORMAT = dwarf;
				ENABLE_STRICT_OBJC_MSGSEND = YES;
				ENABLE_TESTABILITY = YES;
				GCC_C_LANGUAGE_STANDARD = gnu99;
				GCC_DYNAMIC_NO_PIC = NO;
				GCC_NO_COMMON_BLOCKS = YES;
				GCC_OPTIMIZATION_LEVEL = 0;
				GCC_PREPROCESSOR_DEFINITIONS = (
					"DEBUG=1",
					"$(inherited)",
				);
				GCC_WARN_64_TO_32_BIT_CONVERSION = YES;
				GCC_WARN_ABOUT_RETURN_TYPE = YES_ERROR;
				GCC_WARN_UNDECLARED_SELECTOR = YES;
				GCC_WARN_UNINITIALIZED_AUTOS = YES_AGGRESSIVE;
				GCC_WARN_UNUSED_FUNCTION = YES;
				GCC_WARN_UNUSED_VARIABLE = YES;
				IPHONEOS_DEPLOYMENT_TARGET = 10.0;
				MTL_ENABLE_DEBUG_INFO = YES;
				ONLY_ACTIVE_ARCH = YES;
				SDKROOT = iphoneos;
			};
			name = Debug;
		};
		F494A5E91DB6893E00D173E0 /* Release */ = {
			isa = XCBuildConfiguration;
			buildSettings = {
				ALWAYS_SEARCH_USER_PATHS = NO;
				CLANG_ANALYZER_NONNULL = YES;
				CLANG_CXX_LANGUAGE_STANDARD = "gnu++0x";
				CLANG_CXX_LIBRARY = "libc++";
				CLANG_ENABLE_MODULES = YES;
				CLANG_ENABLE_OBJC_ARC = YES;
				CLANG_WARN_BOOL_CONVERSION = YES;
				CLANG_WARN_CONSTANT_CONVERSION = YES;
				CLANG_WARN_DIRECT_OBJC_ISA_USAGE = YES_ERROR;
				CLANG_WARN_DOCUMENTATION_COMMENTS = YES;
				CLANG_WARN_EMPTY_BODY = YES;
				CLANG_WARN_ENUM_CONVERSION = YES;
				CLANG_WARN_INFINITE_RECURSION = YES;
				CLANG_WARN_INT_CONVERSION = YES;
				CLANG_WARN_OBJC_ROOT_CLASS = YES_ERROR;
				CLANG_WARN_SUSPICIOUS_MOVE = YES;
				CLANG_WARN_SUSPICIOUS_MOVES = YES;
				CLANG_WARN_UNREACHABLE_CODE = YES;
				CLANG_WARN__DUPLICATE_METHOD_MATCH = YES;
				"CODE_SIGN_IDENTITY[sdk=iphoneos*]" = "iPhone Developer";
				COPY_PHASE_STRIP = NO;
				DEBUG_INFORMATION_FORMAT = "dwarf-with-dsym";
				ENABLE_NS_ASSERTIONS = NO;
				ENABLE_STRICT_OBJC_MSGSEND = YES;
				GCC_C_LANGUAGE_STANDARD = gnu99;
				GCC_NO_COMMON_BLOCKS = YES;
				GCC_WARN_64_TO_32_BIT_CONVERSION = YES;
				GCC_WARN_ABOUT_RETURN_TYPE = YES_ERROR;
				GCC_WARN_UNDECLARED_SELECTOR = YES;
				GCC_WARN_UNINITIALIZED_AUTOS = YES_AGGRESSIVE;
				GCC_WARN_UNUSED_FUNCTION = YES;
				GCC_WARN_UNUSED_VARIABLE = YES;
				IPHONEOS_DEPLOYMENT_TARGET = 10.0;
				MTL_ENABLE_DEBUG_INFO = NO;
				SDKROOT = iphoneos;
				VALIDATE_PRODUCT = YES;
			};
			name = Release;
		};
		F494A5EB1DB6893E00D173E0 /* Debug */ = {
			isa = XCBuildConfiguration;
			buildSettings = {
				ASSETCATALOG_COMPILER_APPICON_NAME = AppIcon;
				CLANG_ENABLE_MODULES = YES;
				DEVELOPMENT_TEAM = TX9R26AVUZ;
				FRAMEWORK_SEARCH_PATHS = (
					"$(inherited)",
					"$(PROJECT_DIR)/Carthage/Build/iOS",
				);
				INFOPLIST_FILE = YUMMY/Info.plist;
				LD_RUNPATH_SEARCH_PATHS = "$(inherited) @executable_path/Frameworks";
				PRODUCT_BUNDLE_IDENTIFIER = HOU.YUMMY;
				PRODUCT_NAME = "$(TARGET_NAME)";
				SWIFT_OBJC_BRIDGING_HEADER = "YUMMY/YUMMY-Bridging-Header.h";
				SWIFT_OPTIMIZATION_LEVEL = "-Onone";
				SWIFT_VERSION = 3.0;
			};
			name = Debug;
		};
		F494A5EC1DB6893E00D173E0 /* Release */ = {
			isa = XCBuildConfiguration;
			buildSettings = {
				ASSETCATALOG_COMPILER_APPICON_NAME = AppIcon;
				CLANG_ENABLE_MODULES = YES;
				DEVELOPMENT_TEAM = TX9R26AVUZ;
				FRAMEWORK_SEARCH_PATHS = (
					"$(inherited)",
					"$(PROJECT_DIR)/Carthage/Build/iOS",
				);
				INFOPLIST_FILE = YUMMY/Info.plist;
				LD_RUNPATH_SEARCH_PATHS = "$(inherited) @executable_path/Frameworks";
				PRODUCT_BUNDLE_IDENTIFIER = HOU.YUMMY;
				PRODUCT_NAME = "$(TARGET_NAME)";
				SWIFT_OBJC_BRIDGING_HEADER = "YUMMY/YUMMY-Bridging-Header.h";
				SWIFT_VERSION = 3.0;
			};
			name = Release;
		};
		F494A5EE1DB6893E00D173E0 /* Debug */ = {
			isa = XCBuildConfiguration;
			buildSettings = {
				BUNDLE_LOADER = "$(TEST_HOST)";
				INFOPLIST_FILE = YUMMYTests/Info.plist;
				LD_RUNPATH_SEARCH_PATHS = "$(inherited) @executable_path/Frameworks @loader_path/Frameworks";
				PRODUCT_BUNDLE_IDENTIFIER = HOU.YUMMYTests;
				PRODUCT_NAME = "$(TARGET_NAME)";
				TEST_HOST = "$(BUILT_PRODUCTS_DIR)/YUMMY.app/YUMMY";
			};
			name = Debug;
		};
		F494A5EF1DB6893E00D173E0 /* Release */ = {
			isa = XCBuildConfiguration;
			buildSettings = {
				BUNDLE_LOADER = "$(TEST_HOST)";
				INFOPLIST_FILE = YUMMYTests/Info.plist;
				LD_RUNPATH_SEARCH_PATHS = "$(inherited) @executable_path/Frameworks @loader_path/Frameworks";
				PRODUCT_BUNDLE_IDENTIFIER = HOU.YUMMYTests;
				PRODUCT_NAME = "$(TARGET_NAME)";
				TEST_HOST = "$(BUILT_PRODUCTS_DIR)/YUMMY.app/YUMMY";
			};
			name = Release;
		};
		F494A5F11DB6893E00D173E0 /* Debug */ = {
			isa = XCBuildConfiguration;
			buildSettings = {
				INFOPLIST_FILE = YUMMYUITests/Info.plist;
				LD_RUNPATH_SEARCH_PATHS = "$(inherited) @executable_path/Frameworks @loader_path/Frameworks";
				PRODUCT_BUNDLE_IDENTIFIER = HOU.YUMMYUITests;
				PRODUCT_NAME = "$(TARGET_NAME)";
				TEST_TARGET_NAME = YUMMY;
			};
			name = Debug;
		};
		F494A5F21DB6893E00D173E0 /* Release */ = {
			isa = XCBuildConfiguration;
			buildSettings = {
				INFOPLIST_FILE = YUMMYUITests/Info.plist;
				LD_RUNPATH_SEARCH_PATHS = "$(inherited) @executable_path/Frameworks @loader_path/Frameworks";
				PRODUCT_BUNDLE_IDENTIFIER = HOU.YUMMYUITests;
				PRODUCT_NAME = "$(TARGET_NAME)";
				TEST_TARGET_NAME = YUMMY;
			};
			name = Release;
		};
/* End XCBuildConfiguration section */

/* Begin XCConfigurationList section */
		F494A5B81DB6893E00D173E0 /* Build configuration list for PBXProject "YUMMY" */ = {
			isa = XCConfigurationList;
			buildConfigurations = (
				F494A5E81DB6893E00D173E0 /* Debug */,
				F494A5E91DB6893E00D173E0 /* Release */,
			);
			defaultConfigurationIsVisible = 0;
			defaultConfigurationName = Release;
		};
		F494A5EA1DB6893E00D173E0 /* Build configuration list for PBXNativeTarget "YUMMY" */ = {
			isa = XCConfigurationList;
			buildConfigurations = (
				F494A5EB1DB6893E00D173E0 /* Debug */,
				F494A5EC1DB6893E00D173E0 /* Release */,
			);
			defaultConfigurationIsVisible = 0;
			defaultConfigurationName = Release;
		};
		F494A5ED1DB6893E00D173E0 /* Build configuration list for PBXNativeTarget "YUMMYTests" */ = {
			isa = XCConfigurationList;
			buildConfigurations = (
				F494A5EE1DB6893E00D173E0 /* Debug */,
				F494A5EF1DB6893E00D173E0 /* Release */,
			);
			defaultConfigurationIsVisible = 0;
			defaultConfigurationName = Release;
		};
		F494A5F01DB6893E00D173E0 /* Build configuration list for PBXNativeTarget "YUMMYUITests" */ = {
			isa = XCConfigurationList;
			buildConfigurations = (
				F494A5F11DB6893E00D173E0 /* Debug */,
				F494A5F21DB6893E00D173E0 /* Release */,
			);
			defaultConfigurationIsVisible = 0;
			defaultConfigurationName = Release;
		};
/* End XCConfigurationList section */
	};
	rootObject = F494A5B51DB6893E00D173E0 /* Project object */;
}
